// !$*UTF8*$!
{
	archiveVersion = 1;
	classes = {
	};
	objectVersion = 50;
	objects = {

/* Begin PBXBuildFile section */
		1DC58B952360DB6F00016EA4 /* AppDelegate.swift in Sources */ = {isa = PBXBuildFile; fileRef = 1DC58B942360DB6F00016EA4 /* AppDelegate.swift */; };
		1DC58B972360DB6F00016EA4 /* SceneDelegate.swift in Sources */ = {isa = PBXBuildFile; fileRef = 1DC58B962360DB6F00016EA4 /* SceneDelegate.swift */; };
		1DC58B992360DB6F00016EA4 /* ViewController.swift in Sources */ = {isa = PBXBuildFile; fileRef = 1DC58B982360DB6F00016EA4 /* ViewController.swift */; };
		1DC58B9C2360DB6F00016EA4 /* Main.storyboard in Resources */ = {isa = PBXBuildFile; fileRef = 1DC58B9A2360DB6F00016EA4 /* Main.storyboard */; };
		1DC58B9E2360DB7000016EA4 /* Assets.xcassets in Resources */ = {isa = PBXBuildFile; fileRef = 1DC58B9D2360DB7000016EA4 /* Assets.xcassets */; };
		1DC58BA12360DB7000016EA4 /* LaunchScreen.storyboard in Resources */ = {isa = PBXBuildFile; fileRef = 1DC58B9F2360DB7000016EA4 /* LaunchScreen.storyboard */; };
		1DC58BAC2360DB7000016EA4 /* QRCodeScannerTests.swift in Sources */ = {isa = PBXBuildFile; fileRef = 1DC58BAB2360DB7000016EA4 /* QRCodeScannerTests.swift */; };
		1DC58BB72360DB7000016EA4 /* QRCodeScannerUITests.swift in Sources */ = {isa = PBXBuildFile; fileRef = 1DC58BB62360DB7000016EA4 /* QRCodeScannerUITests.swift */; };
/* End PBXBuildFile section */

/* Begin PBXContainerItemProxy section */
		1DC58BA82360DB7000016EA4 /* PBXContainerItemProxy */ = {
			isa = PBXContainerItemProxy;
			containerPortal = 1DC58B892360DB6F00016EA4 /* Project object */;
			proxyType = 1;
			remoteGlobalIDString = 1DC58B902360DB6F00016EA4;
			remoteInfo = QRCodeScanner;
		};
		1DC58BB32360DB7000016EA4 /* PBXContainerItemProxy */ = {
			isa = PBXContainerItemProxy;
			containerPortal = 1DC58B892360DB6F00016EA4 /* Project object */;
			proxyType = 1;
			remoteGlobalIDString = 1DC58B902360DB6F00016EA4;
			remoteInfo = QRCodeScanner;
		};
/* End PBXContainerItemProxy section */

/* Begin PBXFileReference section */
		1DC58B912360DB6F00016EA4 /* QRCodeScanner.app */ = {isa = PBXFileReference; explicitFileType = wrapper.application; includeInIndex = 0; path = QRCodeScanner.app; sourceTree = BUILT_PRODUCTS_DIR; };
		1DC58B942360DB6F00016EA4 /* AppDelegate.swift */ = {isa = PBXFileReference; lastKnownFileType = sourcecode.swift; path = AppDelegate.swift; sourceTree = "<group>"; };
		1DC58B962360DB6F00016EA4 /* SceneDelegate.swift */ = {isa = PBXFileReference; lastKnownFileType = sourcecode.swift; path = SceneDelegate.swift; sourceTree = "<group>"; };
		1DC58B982360DB6F00016EA4 /* ViewController.swift */ = {isa = PBXFileReference; lastKnownFileType = sourcecode.swift; path = ViewController.swift; sourceTree = "<group>"; };
		1DC58B9B2360DB6F00016EA4 /* Base */ = {isa = PBXFileReference; lastKnownFileType = file.storyboard; name = Base; path = Base.lproj/Main.storyboard; sourceTree = "<group>"; };
		1DC58B9D2360DB7000016EA4 /* Assets.xcassets */ = {isa = PBXFileReference; lastKnownFileType = folder.assetcatalog; path = Assets.xcassets; sourceTree = "<group>"; };
		1DC58BA02360DB7000016EA4 /* Base */ = {isa = PBXFileReference; lastKnownFileType = file.storyboard; name = Base; path = Base.lproj/LaunchScreen.storyboard; sourceTree = "<group>"; };
		1DC58BA22360DB7000016EA4 /* Info.plist */ = {isa = PBXFileReference; lastKnownFileType = text.plist.xml; path = Info.plist; sourceTree = "<group>"; };
		1DC58BA72360DB7000016EA4 /* QRCodeScannerTests.xctest */ = {isa = PBXFileReference; explicitFileType = wrapper.cfbundle; includeInIndex = 0; path = QRCodeScannerTests.xctest; sourceTree = BUILT_PRODUCTS_DIR; };
		1DC58BAB2360DB7000016EA4 /* QRCodeScannerTests.swift */ = {isa = PBXFileReference; lastKnownFileType = sourcecode.swift; path = QRCodeScannerTests.swift; sourceTree = "<group>"; };
		1DC58BAD2360DB7000016EA4 /* Info.plist */ = {isa = PBXFileReference; lastKnownFileType = text.plist.xml; path = Info.plist; sourceTree = "<group>"; };
		1DC58BB22360DB7000016EA4 /* QRCodeScannerUITests.xctest */ = {isa = PBXFileReference; explicitFileType = wrapper.cfbundle; includeInIndex = 0; path = QRCodeScannerUITests.xctest; sourceTree = BUILT_PRODUCTS_DIR; };
		1DC58BB62360DB7000016EA4 /* QRCodeScannerUITests.swift */ = {isa = PBXFileReference; lastKnownFileType = sourcecode.swift; path = QRCodeScannerUITests.swift; sourceTree = "<group>"; };
		1DC58BB82360DB7000016EA4 /* Info.plist */ = {isa = PBXFileReference; lastKnownFileType = text.plist.xml; path = Info.plist; sourceTree = "<group>"; };
/* End PBXFileReference section */

/* Begin PBXFrameworksBuildPhase section */
		1DC58B8E2360DB6F00016EA4 /* Frameworks */ = {
			isa = PBXFrameworksBuildPhase;
			buildActionMask = 2147483647;
			files = (
			);
			runOnlyForDeploymentPostprocessing = 0;
		};
		1DC58BA42360DB7000016EA4 /* Frameworks */ = {
			isa = PBXFrameworksBuildPhase;
			buildActionMask = 2147483647;
			files = (
			);
			runOnlyForDeploymentPostprocessing = 0;
		};
		1DC58BAF2360DB7000016EA4 /* Frameworks */ = {
			isa = PBXFrameworksBuildPhase;
			buildActionMask = 2147483647;
			files = (
			);
			runOnlyForDeploymentPostprocessing = 0;
		};
/* End PBXFrameworksBuildPhase section */

/* Begin PBXGroup section */
		1DC58B882360DB6F00016EA4 = {
			isa = PBXGroup;
			children = (
				1DC58B932360DB6F00016EA4 /* QRCodeScanner */,
				1DC58BAA2360DB7000016EA4 /* QRCodeScannerTests */,
				1DC58BB52360DB7000016EA4 /* QRCodeScannerUITests */,
				1DC58B922360DB6F00016EA4 /* Products */,
			);
			sourceTree = "<group>";
		};
		1DC58B922360DB6F00016EA4 /* Products */ = {
			isa = PBXGroup;
			children = (
				1DC58B912360DB6F00016EA4 /* QRCodeScanner.app */,
				1DC58BA72360DB7000016EA4 /* QRCodeScannerTests.xctest */,
				1DC58BB22360DB7000016EA4 /* QRCodeScannerUITests.xctest */,
			);
			name = Products;
			sourceTree = "<group>";
		};
		1DC58B932360DB6F00016EA4 /* QRCodeScanner */ = {
			isa = PBXGroup;
			children = (
				1DC58B942360DB6F00016EA4 /* AppDelegate.swift */,
				1DC58B962360DB6F00016EA4 /* SceneDelegate.swift */,
				1DC58B982360DB6F00016EA4 /* ViewController.swift */,
				1DC58B9A2360DB6F00016EA4 /* Main.storyboard */,
				1DC58B9D2360DB7000016EA4 /* Assets.xcassets */,
				1DC58B9F2360DB7000016EA4 /* LaunchScreen.storyboard */,
				1DC58BA22360DB7000016EA4 /* Info.plist */,
			);
			path = QRCodeScanner;
			sourceTree = "<group>";
		};
		1DC58BAA2360DB7000016EA4 /* QRCodeScannerTests */ = {
			isa = PBXGroup;
			children = (
				1DC58BAB2360DB7000016EA4 /* QRCodeScannerTests.swift */,
				1DC58BAD2360DB7000016EA4 /* Info.plist */,
			);
			path = QRCodeScannerTests;
			sourceTree = "<group>";
		};
		1DC58BB52360DB7000016EA4 /* QRCodeScannerUITests */ = {
			isa = PBXGroup;
			children = (
				1DC58BB62360DB7000016EA4 /* QRCodeScannerUITests.swift */,
				1DC58BB82360DB7000016EA4 /* Info.plist */,
			);
			path = QRCodeScannerUITests;
			sourceTree = "<group>";
		};
/* End PBXGroup section */

/* Begin PBXNativeTarget section */
		1DC58B902360DB6F00016EA4 /* QRCodeScanner */ = {
			isa = PBXNativeTarget;
			buildConfigurationList = 1DC58BBB2360DB7000016EA4 /* Build configuration list for PBXNativeTarget "QRCodeScanner" */;
			buildPhases = (
				1DC58B8D2360DB6F00016EA4 /* Sources */,
				1DC58B8E2360DB6F00016EA4 /* Frameworks */,
				1DC58B8F2360DB6F00016EA4 /* Resources */,
			);
			buildRules = (
			);
			dependencies = (
			);
			name = QRCodeScanner;
			productName = QRCodeScanner;
			productReference = 1DC58B912360DB6F00016EA4 /* QRCodeScanner.app */;
			productType = "com.apple.product-type.application";
		};
		1DC58BA62360DB7000016EA4 /* QRCodeScannerTests */ = {
			isa = PBXNativeTarget;
			buildConfigurationList = 1DC58BBE2360DB7000016EA4 /* Build configuration list for PBXNativeTarget "QRCodeScannerTests" */;
			buildPhases = (
				1DC58BA32360DB7000016EA4 /* Sources */,
				1DC58BA42360DB7000016EA4 /* Frameworks */,
				1DC58BA52360DB7000016EA4 /* Resources */,
			);
			buildRules = (
			);
			dependencies = (
				1DC58BA92360DB7000016EA4 /* PBXTargetDependency */,
			);
			name = QRCodeScannerTests;
			productName = QRCodeScannerTests;
			productReference = 1DC58BA72360DB7000016EA4 /* QRCodeScannerTests.xctest */;
			productType = "com.apple.product-type.bundle.unit-test";
		};
		1DC58BB12360DB7000016EA4 /* QRCodeScannerUITests */ = {
			isa = PBXNativeTarget;
			buildConfigurationList = 1DC58BC12360DB7000016EA4 /* Build configuration list for PBXNativeTarget "QRCodeScannerUITests" */;
			buildPhases = (
				1DC58BAE2360DB7000016EA4 /* Sources */,
				1DC58BAF2360DB7000016EA4 /* Frameworks */,
				1DC58BB02360DB7000016EA4 /* Resources */,
			);
			buildRules = (
			);
			dependencies = (
				1DC58BB42360DB7000016EA4 /* PBXTargetDependency */,
			);
			name = QRCodeScannerUITests;
			productName = QRCodeScannerUITests;
			productReference = 1DC58BB22360DB7000016EA4 /* QRCodeScannerUITests.xctest */;
			productType = "com.apple.product-type.bundle.ui-testing";
		};
/* End PBXNativeTarget section */

/* Begin PBXProject section */
		1DC58B892360DB6F00016EA4 /* Project object */ = {
			isa = PBXProject;
			attributes = {
				LastSwiftUpdateCheck = 1110;
				LastUpgradeCheck = 1110;
				ORGANIZATIONNAME = Sanith;
				TargetAttributes = {
					1DC58B902360DB6F00016EA4 = {
						CreatedOnToolsVersion = 11.1;
					};
					1DC58BA62360DB7000016EA4 = {
						CreatedOnToolsVersion = 11.1;
						TestTargetID = 1DC58B902360DB6F00016EA4;
					};
					1DC58BB12360DB7000016EA4 = {
						CreatedOnToolsVersion = 11.1;
						TestTargetID = 1DC58B902360DB6F00016EA4;
					};
				};
			};
			buildConfigurationList = 1DC58B8C2360DB6F00016EA4 /* Build configuration list for PBXProject "QRCodeScanner" */;
			compatibilityVersion = "Xcode 9.3";
			developmentRegion = en;
			hasScannedForEncodings = 0;
			knownRegions = (
				en,
				Base,
			);
			mainGroup = 1DC58B882360DB6F00016EA4;
			productRefGroup = 1DC58B922360DB6F00016EA4 /* Products */;
			projectDirPath = "";
			projectRoot = "";
			targets = (
				1DC58B902360DB6F00016EA4 /* QRCodeScanner */,
				1DC58BA62360DB7000016EA4 /* QRCodeScannerTests */,
				1DC58BB12360DB7000016EA4 /* QRCodeScannerUITests */,
			);
		};
/* End PBXProject section */

/* Begin PBXResourcesBuildPhase section */
		1DC58B8F2360DB6F00016EA4 /* Resources */ = {
			isa = PBXResourcesBuildPhase;
			buildActionMask = 2147483647;
			files = (
				1DC58BA12360DB7000016EA4 /* LaunchScreen.storyboard in Resources */,
				1DC58B9E2360DB7000016EA4 /* Assets.xcassets in Resources */,
				1DC58B9C2360DB6F00016EA4 /* Main.storyboard in Resources */,
			);
			runOnlyForDeploymentPostprocessing = 0;
		};
		1DC58BA52360DB7000016EA4 /* Resources */ = {
			isa = PBXResourcesBuildPhase;
			buildActionMask = 2147483647;
			files = (
			);
			runOnlyForDeploymentPostprocessing = 0;
		};
		1DC58BB02360DB7000016EA4 /* Resources */ = {
			isa = PBXResourcesBuildPhase;
			buildActionMask = 2147483647;
			files = (
			);
			runOnlyForDeploymentPostprocessing = 0;
		};
/* End PBXResourcesBuildPhase section */

/* Begin PBXSourcesBuildPhase section */
		1DC58B8D2360DB6F00016EA4 /* Sources */ = {
			isa = PBXSourcesBuildPhase;
			buildActionMask = 2147483647;
			files = (
				1DC58B992360DB6F00016EA4 /* ViewController.swift in Sources */,
				1DC58B952360DB6F00016EA4 /* AppDelegate.swift in Sources */,
				1DC58B972360DB6F00016EA4 /* SceneDelegate.swift in Sources */,
			);
			runOnlyForDeploymentPostprocessing = 0;
		};
		1DC58BA32360DB7000016EA4 /* Sources */ = {
			isa = PBXSourcesBuildPhase;
			buildActionMask = 2147483647;
			files = (
				1DC58BAC2360DB7000016EA4 /* QRCodeScannerTests.swift in Sources */,
			);
			runOnlyForDeploymentPostprocessing = 0;
		};
		1DC58BAE2360DB7000016EA4 /* Sources */ = {
			isa = PBXSourcesBuildPhase;
			buildActionMask = 2147483647;
			files = (
				1DC58BB72360DB7000016EA4 /* QRCodeScannerUITests.swift in Sources */,
			);
			runOnlyForDeploymentPostprocessing = 0;
		};
/* End PBXSourcesBuildPhase section */

/* Begin PBXTargetDependency section */
		1DC58BA92360DB7000016EA4 /* PBXTargetDependency */ = {
			isa = PBXTargetDependency;
			target = 1DC58B902360DB6F00016EA4 /* QRCodeScanner */;
			targetProxy = 1DC58BA82360DB7000016EA4 /* PBXContainerItemProxy */;
		};
		1DC58BB42360DB7000016EA4 /* PBXTargetDependency */ = {
			isa = PBXTargetDependency;
			target = 1DC58B902360DB6F00016EA4 /* QRCodeScanner */;
			targetProxy = 1DC58BB32360DB7000016EA4 /* PBXContainerItemProxy */;
		};
/* End PBXTargetDependency section */

/* Begin PBXVariantGroup section */
		1DC58B9A2360DB6F00016EA4 /* Main.storyboard */ = {
			isa = PBXVariantGroup;
			children = (
				1DC58B9B2360DB6F00016EA4 /* Base */,
			);
			name = Main.storyboard;
			sourceTree = "<group>";
		};
		1DC58B9F2360DB7000016EA4 /* LaunchScreen.storyboard */ = {
			isa = PBXVariantGroup;
			children = (
				1DC58BA02360DB7000016EA4 /* Base */,
			);
			name = LaunchScreen.storyboard;
			sourceTree = "<group>";
		};
/* End PBXVariantGroup section */

/* Begin XCBuildConfiguration section */
		1DC58BB92360DB7000016EA4 /* Debug */ = {
			isa = XCBuildConfiguration;
			buildSettings = {
				ALWAYS_SEARCH_USER_PATHS = NO;
				CLANG_ANALYZER_NONNULL = YES;
				CLANG_ANALYZER_NUMBER_OBJECT_CONVERSION = YES_AGGRESSIVE;
				CLANG_CXX_LANGUAGE_STANDARD = "gnu++14";
				CLANG_CXX_LIBRARY = "libc++";
				CLANG_ENABLE_MODULES = YES;
				CLANG_ENABLE_OBJC_ARC = YES;
				CLANG_ENABLE_OBJC_WEAK = YES;
				CLANG_WARN_BLOCK_CAPTURE_AUTORELEASING = YES;
				CLANG_WARN_BOOL_CONVERSION = YES;
				CLANG_WARN_COMMA = YES;
				CLANG_WARN_CONSTANT_CONVERSION = YES;
				CLANG_WARN_DEPRECATED_OBJC_IMPLEMENTATIONS = YES;
				CLANG_WARN_DIRECT_OBJC_ISA_USAGE = YES_ERROR;
				CLANG_WARN_DOCUMENTATION_COMMENTS = YES;
				CLANG_WARN_EMPTY_BODY = YES;
				CLANG_WARN_ENUM_CONVERSION = YES;
				CLANG_WARN_INFINITE_RECURSION = YES;
				CLANG_WARN_INT_CONVERSION = YES;
				CLANG_WARN_NON_LITERAL_NULL_CONVERSION = YES;
				CLANG_WARN_OBJC_IMPLICIT_RETAIN_SELF = YES;
				CLANG_WARN_OBJC_LITERAL_CONVERSION = YES;
				CLANG_WARN_OBJC_ROOT_CLASS = YES_ERROR;
				CLANG_WARN_RANGE_LOOP_ANALYSIS = YES;
				CLANG_WARN_STRICT_PROTOTYPES = YES;
				CLANG_WARN_SUSPICIOUS_MOVE = YES;
				CLANG_WARN_UNGUARDED_AVAILABILITY = YES_AGGRESSIVE;
				CLANG_WARN_UNREACHABLE_CODE = YES;
				CLANG_WARN__DUPLICATE_METHOD_MATCH = YES;
				COPY_PHASE_STRIP = NO;
				DEBUG_INFORMATION_FORMAT = dwarf;
				ENABLE_STRICT_OBJC_MSGSEND = YES;
				ENABLE_TESTABILITY = YES;
				GCC_C_LANGUAGE_STANDARD = gnu11;
				GCC_DYNAMIC_NO_PIC = NO;
				GCC_NO_COMMON_BLOCKS = YES;
				GCC_OPTIMIZATION_LEVEL = 0;
				GCC_PREPROCESSOR_DEFINITIONS = (
					"DEBUG=1",
					"$(inherited)",
				);
				GCC_WARN_64_TO_32_BIT_CONVERSION = YES;
				GCC_WARN_ABOUT_RETURN_TYPE = YES_ERROR;
				GCC_WARN_UNDECLARED_SELECTOR = YES;
				GCC_WARN_UNINITIALIZED_AUTOS = YES_AGGRESSIVE;
				GCC_WARN_UNUSED_FUNCTION = YES;
				GCC_WARN_UNUSED_VARIABLE = YES;
				IPHONEOS_DEPLOYMENT_TARGET = 13.1;
				MTL_ENABLE_DEBUG_INFO = INCLUDE_SOURCE;
				MTL_FAST_MATH = YES;
				ONLY_ACTIVE_ARCH = YES;
				SDKROOT = iphoneos;
				SWIFT_ACTIVE_COMPILATION_CONDITIONS = DEBUG;
				SWIFT_OPTIMIZATION_LEVEL = "-Onone";
			};
			name = Debug;
		};
		1DC58BBA2360DB7000016EA4 /* Release */ = {
			isa = XCBuildConfiguration;
			buildSettings = {
				ALWAYS_SEARCH_USER_PATHS = NO;
				CLANG_ANALYZER_NONNULL = YES;
				CLANG_ANALYZER_NUMBER_OBJECT_CONVERSION = YES_AGGRESSIVE;
				CLANG_CXX_LANGUAGE_STANDARD = "gnu++14";
				CLANG_CXX_LIBRARY = "libc++";
				CLANG_ENABLE_MODULES = YES;
				CLANG_ENABLE_OBJC_ARC = YES;
				CLANG_ENABLE_OBJC_WEAK = YES;
				CLANG_WARN_BLOCK_CAPTURE_AUTORELEASING = YES;
				CLANG_WARN_BOOL_CONVERSION = YES;
				CLANG_WARN_COMMA = YES;
				CLANG_WARN_CONSTANT_CONVERSION = YES;
				CLANG_WARN_DEPRECATED_OBJC_IMPLEMENTATIONS = YES;
				CLANG_WARN_DIRECT_OBJC_ISA_USAGE = YES_ERROR;
				CLANG_WARN_DOCUMENTATION_COMMENTS = YES;
				CLANG_WARN_EMPTY_BODY = YES;
				CLANG_WARN_ENUM_CONVERSION = YES;
				CLANG_WARN_INFINITE_RECURSION = YES;
				CLANG_WARN_INT_CONVERSION = YES;
				CLANG_WARN_NON_LITERAL_NULL_CONVERSION = YES;
				CLANG_WARN_OBJC_IMPLICIT_RETAIN_SELF = YES;
				CLANG_WARN_OBJC_LITERAL_CONVERSION = YES;
				CLANG_WARN_OBJC_ROOT_CLASS = YES_ERROR;
				CLANG_WARN_RANGE_LOOP_ANALYSIS = YES;
				CLANG_WARN_STRICT_PROTOTYPES = YES;
				CLANG_WARN_SUSPICIOUS_MOVE = YES;
				CLANG_WARN_UNGUARDED_AVAILABILITY = YES_AGGRESSIVE;
				CLANG_WARN_UNREACHABLE_CODE = YES;
				CLANG_WARN__DUPLICATE_METHOD_MATCH = YES;
				COPY_PHASE_STRIP = NO;
				DEBUG_INFORMATION_FORMAT = "dwarf-with-dsym";
				ENABLE_NS_ASSERTIONS = NO;
				ENABLE_STRICT_OBJC_MSGSEND = YES;
				GCC_C_LANGUAGE_STANDARD = gnu11;
				GCC_NO_COMMON_BLOCKS = YES;
				GCC_WARN_64_TO_32_BIT_CONVERSION = YES;
				GCC_WARN_ABOUT_RETURN_TYPE = YES_ERROR;
				GCC_WARN_UNDECLARED_SELECTOR = YES;
				GCC_WARN_UNINITIALIZED_AUTOS = YES_AGGRESSIVE;
				GCC_WARN_UNUSED_FUNCTION = YES;
				GCC_WARN_UNUSED_VARIABLE = YES;
				IPHONEOS_DEPLOYMENT_TARGET = 13.1;
				MTL_ENABLE_DEBUG_INFO = NO;
				MTL_FAST_MATH = YES;
				SDKROOT = iphoneos;
				SWIFT_COMPILATION_MODE = wholemodule;
				SWIFT_OPTIMIZATION_LEVEL = "-O";
				VALIDATE_PRODUCT = YES;
			};
			name = Release;
		};
		1DC58BBC2360DB7000016EA4 /* Debug */ = {
			isa = XCBuildConfiguration;
			buildSettings = {
				ASSETCATALOG_COMPILER_APPICON_NAME = AppIcon;
				CODE_SIGN_STYLE = Automatic;
				DEVELOPMENT_TEAM = 6Y92R28ZKA;
				INFOPLIST_FILE = QRCodeScanner/Info.plist;
				LD_RUNPATH_SEARCH_PATHS = (
					"$(inherited)",
					"@executable_path/Frameworks",
				);
				PRODUCT_BUNDLE_IDENTIFIER = com.sanith.QRCodeScanner;
				PRODUCT_NAME = "$(TARGET_NAME)";
				SWIFT_VERSION = 5.0;
				TARGETED_DEVICE_FAMILY = "1,2";
			};
			name = Debug;
		};
		1DC58BBD2360DB7000016EA4 /* Release */ = {
			isa = XCBuildConfiguration;
			buildSettings = {
				ASSETCATALOG_COMPILER_APPICON_NAME = AppIcon;
				CODE_SIGN_STYLE = Automatic;
				DEVELOPMENT_TEAM = 6Y92R28ZKA;
				INFOPLIST_FILE = QRCodeScanner/Info.plist;
				LD_RUNPATH_SEARCH_PATHS = (
					"$(inherited)",
					"@executable_path/Frameworks",
				);
				PRODUCT_BUNDLE_IDENTIFIER = com.sanith.QRCodeScanner;
				PRODUCT_NAME = "$(TARGET_NAME)";
				SWIFT_VERSION = 5.0;
				TARGETED_DEVICE_FAMILY = "1,2";
			};
			name = Release;
		};
		1DC58BBF2360DB7000016EA4 /* Debug */ = {
			isa = XCBuildConfiguration;
			buildSettings = {
				ALWAYS_EMBED_SWIFT_STANDARD_LIBRARIES = YES;
				BUNDLE_LOADER = "$(TEST_HOST)";
				CODE_SIGN_STYLE = Automatic;
				DEVELOPMENT_TEAM = 6Y92R28ZKA;
				INFOPLIST_FILE = QRCodeScannerTests/Info.plist;
				IPHONEOS_DEPLOYMENT_TARGET = 13.1;
				LD_RUNPATH_SEARCH_PATHS = (
					"$(inherited)",
					"@executable_path/Frameworks",
					"@loader_path/Frameworks",
				);
				PRODUCT_BUNDLE_IDENTIFIER = com.sanith.QRCodeScannerTests;
				PRODUCT_NAME = "$(TARGET_NAME)";
				SWIFT_VERSION = 5.0;
				TARGETED_DEVICE_FAMILY = "1,2";
				TEST_HOST = "$(BUILT_PRODUCTS_DIR)/QRCodeScanner.app/QRCodeScanner";
			};
			name = Debug;
		};
		1DC58BC02360DB7000016EA4 /* Release */ = {
			isa = XCBuildConfiguration;
			buildSettings = {
				ALWAYS_EMBED_SWIFT_STANDARD_LIBRARIES = YES;
				BUNDLE_LOADER = "$(TEST_HOST)";
				CODE_SIGN_STYLE = Automatic;
				DEVELOPMENT_TEAM = 6Y92R28ZKA;
				INFOPLIST_FILE = QRCodeScannerTests/Info.plist;
				IPHONEOS_DEPLOYMENT_TARGET = 13.1;
				LD_RUNPATH_SEARCH_PATHS = (
					"$(inherited)",
					"@executable_path/Frameworks",
					"@loader_path/Frameworks",
				);
				PRODUCT_BUNDLE_IDENTIFIER = com.sanith.QRCodeScannerTests;
				PRODUCT_NAME = "$(TARGET_NAME)";
				SWIFT_VERSION = 5.0;
				TARGETED_DEVICE_FAMILY = "1,2";
				TEST_HOST = "$(BUILT_PRODUCTS_DIR)/QRCodeScanner.app/QRCodeScanner";
			};
			name = Release;
		};
		1DC58BC22360DB7000016EA4 /* Debug */ = {
			isa = XCBuildConfiguration;
			buildSettings = {
				ALWAYS_EMBED_SWIFT_STANDARD_LIBRARIES = YES;
				CODE_SIGN_STYLE = Automatic;
				DEVELOPMENT_TEAM = 6Y92R28ZKA;
				INFOPLIST_FILE = QRCodeScannerUITests/Info.plist;
				LD_RUNPATH_SEARCH_PATHS = (
					"$(inherited)",
					"@executable_path/Frameworks",
					"@loader_path/Frameworks",
				);
				PRODUCT_BUNDLE_IDENTIFIER = com.sanith.QRCodeScannerUITests;
				PRODUCT_NAME = "$(TARGET_NAME)";
				SWIFT_VERSION = 5.0;
				TARGETED_DEVICE_FAMILY = "1,2";
				TEST_TARGET_NAME = QRCodeScanner;
			};
			name = Debug;
		};
		1DC58BC32360DB7000016EA4 /* Release */ = {
			isa = XCBuildConfiguration;
			buildSettings = {
				ALWAYS_EMBED_SWIFT_STANDARD_LIBRARIES = YES;
				CODE_SIGN_STYLE = Automatic;
				DEVELOPMENT_TEAM = 6Y92R28ZKA;
				INFOPLIST_FILE = QRCodeScannerUITests/Info.plist;
				LD_RUNPATH_SEARCH_PATHS = (
					"$(inherited)",
					"@executable_path/Frameworks",
					"@loader_path/Frameworks",
				);
				PRODUCT_BUNDLE_IDENTIFIER = com.sanith.QRCodeScannerUITests;
				PRODUCT_NAME = "$(TARGET_NAME)";
				SWIFT_VERSION = 5.0;
				TARGETED_DEVICE_FAMILY = "1,2";
				TEST_TARGET_NAME = QRCodeScanner;
			};
			name = Release;
		};
/* End XCBuildConfiguration section */

/* Begin XCConfigurationList section */
		1DC58B8C2360DB6F00016EA4 /* Build configuration list for PBXProject "QRCodeScanner" */ = {
			isa = XCConfigurationList;
			buildConfigurations = (
				1DC58BB92360DB7000016EA4 /* Debug */,
				1DC58BBA2360DB7000016EA4 /* Release */,
			);
			defaultConfigurationIsVisible = 0;
			defaultConfigurationName = Release;
		};
		1DC58BBB2360DB7000016EA4 /* Build configuration list for PBXNativeTarget "QRCodeScanner" */ = {
			isa = XCConfigurationList;
			buildConfigurations = (
				1DC58BBC2360DB7000016EA4 /* Debug */,
				1DC58BBD2360DB7000016EA4 /* Release */,
			);
			defaultConfigurationIsVisible = 0;
			defaultConfigurationName = Release;
		};
		1DC58BBE2360DB7000016EA4 /* Build configuration list for PBXNativeTarget "QRCodeScannerTests" */ = {
			isa = XCConfigurationList;
			buildConfigurations = (
				1DC58BBF2360DB7000016EA4 /* Debug */,
				1DC58BC02360DB7000016EA4 /* Release */,
			);
			defaultConfigurationIsVisible = 0;
			defaultConfigurationName = Release;
		};
		1DC58BC12360DB7000016EA4 /* Build configuration list for PBXNativeTarget "QRCodeScannerUITests" */ = {
			isa = XCConfigurationList;
			buildConfigurations = (
				1DC58BC22360DB7000016EA4 /* Debug */,
				1DC58BC32360DB7000016EA4 /* Release */,
			);
			defaultConfigurationIsVisible = 0;
			defaultConfigurationName = Release;
		};
/* End XCConfigurationList section */
	};
	rootObject = 1DC58B892360DB6F00016EA4 /* Project object */;
}
